
Microsoft Visual Studio Solution File, Format Version 12.00
# Visual Studio 15
Project("{FAE04EC0-301F-11D3-BF4B-00C04F79EFBC}") = "SPEC_R3", "SPEC_R3.csproj", "{731577BA-4708-8519-0899-AD94F92E8026}"
EndProject
Global
	GlobalSection(SolutionConfigurationPlatforms) = preSolution
		Debug|Any CPU = Debug|Any CPU
		Release|Any CPU = Release|Any CPU
	EndGlobalSection
	GlobalSection(ProjectConfigurationPlatforms) = postSolution
		{731577BA-4708-8519-0899-AD94F92E8026}.Debug|Any CPU.ActiveCfg = Debug|Any CPU
		{731577BA-4708-8519-0899-AD94F92E8026}.Debug|Any CPU.Build.0 = Debug|Any CPU
		{731577BA-4708-8519-0899-AD94F92E8026}.Release|Any CPU.ActiveCfg = Release|Any CPU
		{731577BA-4708-8519-0899-AD94F92E8026}.Release|Any CPU.Build.0 = Release|Any CPU
	EndGlobalSection
	GlobalSection(SolutionProperties) = preSolution
		HideSolutionNode = FALSE
	EndGlobalSection
EndGlobal
